
Microsoft Visual Studio Solution File, Format Version 12.00
# Visual Studio 2012
Project("{FAE04EC0-301F-11D3-BF4B-00C04F79EFBC}") = "Phoneword_iOS", "Phoneword_iOS\Phoneword_iOS.csproj", "{1AC109D3-77C7-45D7-9D6C-EA48D06D2E3A}"
EndProject
Project("{FAE04EC0-301F-11D3-BF4B-00C04F79EFBC}") = "test", "test\test.csproj", "{B6DAF769-A403-406E-8815-90F8AA422537}"
EndProject
Global
	GlobalSection(SolutionConfigurationPlatforms) = preSolution
		Debug|iPhoneSimulator = Debug|iPhoneSimulator
		Release|iPhone = Release|iPhone
		Release|iPhoneSimulator = Release|iPhoneSimulator
		Debug|iPhone = Debug|iPhone
	EndGlobalSection
	GlobalSection(ProjectConfigurationPlatforms) = postSolution
		{1AC109D3-77C7-45D7-9D6C-EA48D06D2E3A}.Debug|iPhoneSimulator.ActiveCfg = Debug|iPhoneSimulator
		{1AC109D3-77C7-45D7-9D6C-EA48D06D2E3A}.Debug|iPhoneSimulator.Build.0 = Debug|iPhoneSimulator
		{1AC109D3-77C7-45D7-9D6C-EA48D06D2E3A}.Release|iPhone.ActiveCfg = Release|iPhone
		{1AC109D3-77C7-45D7-9D6C-EA48D06D2E3A}.Release|iPhone.Build.0 = Release|iPhone
		{1AC109D3-77C7-45D7-9D6C-EA48D06D2E3A}.Release|iPhoneSimulator.ActiveCfg = Release|iPhoneSimulator
		{1AC109D3-77C7-45D7-9D6C-EA48D06D2E3A}.Release|iPhoneSimulator.Build.0 = Release|iPhoneSimulator
		{1AC109D3-77C7-45D7-9D6C-EA48D06D2E3A}.Debug|iPhone.ActiveCfg = Debug|iPhone
		{1AC109D3-77C7-45D7-9D6C-EA48D06D2E3A}.Debug|iPhone.Build.0 = Debug|iPhone
		{B6DAF769-A403-406E-8815-90F8AA422537}.Debug|iPhoneSimulator.ActiveCfg = Debug|Any CPU
		{B6DAF769-A403-406E-8815-90F8AA422537}.Debug|iPhoneSimulator.Build.0 = Debug|Any CPU
		{B6DAF769-A403-406E-8815-90F8AA422537}.Release|iPhone.ActiveCfg = Release|Any CPU
		{B6DAF769-A403-406E-8815-90F8AA422537}.Release|iPhone.Build.0 = Release|Any CPU
		{B6DAF769-A403-406E-8815-90F8AA422537}.Release|iPhoneSimulator.ActiveCfg = Release|Any CPU
		{B6DAF769-A403-406E-8815-90F8AA422537}.Release|iPhoneSimulator.Build.0 = Release|Any CPU
		{B6DAF769-A403-406E-8815-90F8AA422537}.Debug|iPhone.ActiveCfg = Debug|Any CPU
		{B6DAF769-A403-406E-8815-90F8AA422537}.Debug|iPhone.Build.0 = Debug|Any CPU
	EndGlobalSection
EndGlobal
